
Microsoft Visual Studio Solution File, Format Version 12.00
# Visual Studio Version 16
VisualStudioVersion = 16.0.30002.166
MinimumVisualStudioVersion = 10.0.40219.1
Project("{FAE04EC0-301F-11D3-BF4B-00C04F79EFBC}") = "WindowsFormsApphypoxicart2", "WindowsFormsApphypoxicart2\WindowsFormsApphypoxicart2.csproj", "{E945393A-1BA7-4274-839A-A673F262CD22}"
EndProject
Global
	GlobalSection(SolutionConfigurationPlatforms) = preSolution
		Debug|Any CPU = Debug|Any CPU
		Release|Any CPU = Release|Any CPU
	EndGlobalSection
	GlobalSection(ProjectConfigurationPlatforms) = postSolution
		{E945393A-1BA7-4274-839A-A673F262CD22}.Debug|Any CPU.ActiveCfg = Debug|Any CPU
		{E945393A-1BA7-4274-839A-A673F262CD22}.Debug|Any CPU.Build.0 = Debug|Any CPU
		{E945393A-1BA7-4274-839A-A673F262CD22}.Release|Any CPU.ActiveCfg = Release|Any CPU
		{E945393A-1BA7-4274-839A-A673F262CD22}.Release|Any CPU.Build.0 = Release|Any CPU
	EndGlobalSection
	GlobalSection(SolutionProperties) = preSolution
		HideSolutionNode = FALSE
	EndGlobalSection
	GlobalSection(ExtensibilityGlobals) = postSolution
		SolutionGuid = {6545E687-7851-45F1-B60E-CE4C6F6954A8}
	EndGlobalSection
EndGlobal
